
Microsoft Visual Studio Solution File, Format Version 12.00
# Visual Studio Version 17
VisualStudioVersion = 17.2.32630.192
MinimumVisualStudioVersion = 10.0.40219.1
Project("{9A19103F-16F7-4668-BE54-9A1E7A4F7556}") = "ChappyBlazor", "ChappyBlazor\ChappyBlazor.csproj", "{66B44463-8575-47C9-A7A1-AE9F61FDC09A}"
EndProject
Project("{9A19103F-16F7-4668-BE54-9A1E7A4F7556}") = "DataAccess", "DataAccess\DataAccess.csproj", "{DD5E279B-1A43-4124-BEB2-E02C8F9015AB}"
EndProject
Project("{9A19103F-16F7-4668-BE54-9A1E7A4F7556}") = "CreateDatabase", "CreateDatabase\CreateDatabase.csproj", "{B0D42F11-EC7E-4692-A123-09EE34AE6808}"
EndProject
Project("{FAE04EC0-301F-11D3-BF4B-00C04F79EFBC}") = "DataAccessTests", "DataAccessTests\DataAccessTests.csproj", "{21EE2062-132E-4548-A29C-9CFE2D4736A0}"
EndProject
Global
	GlobalSection(SolutionConfigurationPlatforms) = preSolution
		Debug|Any CPU = Debug|Any CPU
		Release|Any CPU = Release|Any CPU
	EndGlobalSection
	GlobalSection(ProjectConfigurationPlatforms) = postSolution
		{66B44463-8575-47C9-A7A1-AE9F61FDC09A}.Debug|Any CPU.ActiveCfg = Debug|Any CPU
		{66B44463-8575-47C9-A7A1-AE9F61FDC09A}.Debug|Any CPU.Build.0 = Debug|Any CPU
		{66B44463-8575-47C9-A7A1-AE9F61FDC09A}.Release|Any CPU.ActiveCfg = Release|Any CPU
		{66B44463-8575-47C9-A7A1-AE9F61FDC09A}.Release|Any CPU.Build.0 = Release|Any CPU
		{DD5E279B-1A43-4124-BEB2-E02C8F9015AB}.Debug|Any CPU.ActiveCfg = Debug|Any CPU
		{DD5E279B-1A43-4124-BEB2-E02C8F9015AB}.Debug|Any CPU.Build.0 = Debug|Any CPU
		{DD5E279B-1A43-4124-BEB2-E02C8F9015AB}.Release|Any CPU.ActiveCfg = Release|Any CPU
		{DD5E279B-1A43-4124-BEB2-E02C8F9015AB}.Release|Any CPU.Build.0 = Release|Any CPU
		{B0D42F11-EC7E-4692-A123-09EE34AE6808}.Debug|Any CPU.ActiveCfg = Debug|Any CPU
		{B0D42F11-EC7E-4692-A123-09EE34AE6808}.Debug|Any CPU.Build.0 = Debug|Any CPU
		{B0D42F11-EC7E-4692-A123-09EE34AE6808}.Release|Any CPU.ActiveCfg = Release|Any CPU
		{B0D42F11-EC7E-4692-A123-09EE34AE6808}.Release|Any CPU.Build.0 = Release|Any CPU
		{21EE2062-132E-4548-A29C-9CFE2D4736A0}.Debug|Any CPU.ActiveCfg = Debug|Any CPU
		{21EE2062-132E-4548-A29C-9CFE2D4736A0}.Debug|Any CPU.Build.0 = Debug|Any CPU
		{21EE2062-132E-4548-A29C-9CFE2D4736A0}.Release|Any CPU.ActiveCfg = Release|Any CPU
		{21EE2062-132E-4548-A29C-9CFE2D4736A0}.Release|Any CPU.Build.0 = Release|Any CPU
	EndGlobalSection
	GlobalSection(SolutionProperties) = preSolution
		HideSolutionNode = FALSE
	EndGlobalSection
	GlobalSection(ExtensibilityGlobals) = postSolution
		SolutionGuid = {2D9EE0E2-6C42-419A-8435-4F9729A911BE}
	EndGlobalSection
EndGlobal
